
Microsoft Visual Studio Solution File, Format Version 12.00
# Visual Studio Version 17
VisualStudioVersion = 17.1.32228.430
MinimumVisualStudioVersion = 10.0.40219.1
Project("{2150E333-8FDC-42A3-9474-1A3956D46DE8}") = "Microservices", "Microservices", "{8D2232BC-8885-48A4-9A78-49932F89FBFC}"
EndProject
Project("{9A19103F-16F7-4668-BE54-9A1E7A4F7556}") = "CategoryMicroservice", "Microservices\CategoryMicroservice\CategoryMicroservice.csproj", "{2B602D6B-9895-4B18-9F26-0B58F50F7219}"
EndProject
Project("{9A19103F-16F7-4668-BE54-9A1E7A4F7556}") = "ReceiptsMicroservice", "Microservices\ReceiptsMicroservice\ReceiptsMicroservice.csproj", "{7D4C9966-084F-4F74-93BB-773609721D2C}"
EndProject
Project("{9A19103F-16F7-4668-BE54-9A1E7A4F7556}") = "UserMicroservice", "Microservices\UserMicroservice\UserMicroservice.csproj", "{030863E7-7AC4-45DA-ACE0-89FE3816043C}"
EndProject
Project("{9A19103F-16F7-4668-BE54-9A1E7A4F7556}") = "IDS", "Microservices\IDS\IDS.csproj", "{29B5E516-7B2C-43C4-95FF-E94673CA5CC9}"
EndProject
Project("{9A19103F-16F7-4668-BE54-9A1E7A4F7556}") = "Interfaces", "CoreBLL\Interfaces\Interfaces.csproj", "{896BD919-16F4-4472-8034-3E194B8836E0}"
EndProject
Project("{9A19103F-16F7-4668-BE54-9A1E7A4F7556}") = "Core", "CoreBLL\Core\Core.csproj", "{F3F790A0-F6D2-40EC-A2F2-76B53A3484B3}"
EndProject
Project("{2150E333-8FDC-42A3-9474-1A3956D46DE8}") = "CoreBLL", "CoreBLL", "{405ED377-00D5-4FDE-BFAD-5E88C84369F1}"
	ProjectSection(SolutionItems) = preProject
		CoreBLL\Dockerfile = CoreBLL\Dockerfile
	EndProjectSection
EndProject
Project("{9A19103F-16F7-4668-BE54-9A1E7A4F7556}") = "WebUI_Angular", "Web\WebUI_Angular\WebUI_Angular.csproj", "{D5706941-303A-43DB-91AE-B3DDF63F5617}"
EndProject
Project("{2150E333-8FDC-42A3-9474-1A3956D46DE8}") = "Web", "Web", "{8DA71C25-6907-4E6C-AE3A-401E9477D25E}"
EndProject
Project("{2150E333-8FDC-42A3-9474-1A3956D46DE8}") = "Элементы решения", "Элементы решения", "{18D37CD4-16B1-4148-977E-86669E90D407}"
	ProjectSection(SolutionItems) = preProject
		docker-compose.yml = docker-compose.yml
	EndProjectSection
EndProject
Global
	GlobalSection(SolutionConfigurationPlatforms) = preSolution
		Debug|Any CPU = Debug|Any CPU
		Release|Any CPU = Release|Any CPU
	EndGlobalSection
	GlobalSection(ProjectConfigurationPlatforms) = postSolution
		{2B602D6B-9895-4B18-9F26-0B58F50F7219}.Debug|Any CPU.ActiveCfg = Debug|Any CPU
		{2B602D6B-9895-4B18-9F26-0B58F50F7219}.Debug|Any CPU.Build.0 = Debug|Any CPU
		{2B602D6B-9895-4B18-9F26-0B58F50F7219}.Release|Any CPU.ActiveCfg = Release|Any CPU
		{2B602D6B-9895-4B18-9F26-0B58F50F7219}.Release|Any CPU.Build.0 = Release|Any CPU
		{7D4C9966-084F-4F74-93BB-773609721D2C}.Debug|Any CPU.ActiveCfg = Debug|Any CPU
		{7D4C9966-084F-4F74-93BB-773609721D2C}.Debug|Any CPU.Build.0 = Debug|Any CPU
		{7D4C9966-084F-4F74-93BB-773609721D2C}.Release|Any CPU.ActiveCfg = Release|Any CPU
		{7D4C9966-084F-4F74-93BB-773609721D2C}.Release|Any CPU.Build.0 = Release|Any CPU
		{030863E7-7AC4-45DA-ACE0-89FE3816043C}.Debug|Any CPU.ActiveCfg = Debug|Any CPU
		{030863E7-7AC4-45DA-ACE0-89FE3816043C}.Debug|Any CPU.Build.0 = Debug|Any CPU
		{030863E7-7AC4-45DA-ACE0-89FE3816043C}.Release|Any CPU.ActiveCfg = Release|Any CPU
		{030863E7-7AC4-45DA-ACE0-89FE3816043C}.Release|Any CPU.Build.0 = Release|Any CPU
		{29B5E516-7B2C-43C4-95FF-E94673CA5CC9}.Debug|Any CPU.ActiveCfg = Debug|Any CPU
		{29B5E516-7B2C-43C4-95FF-E94673CA5CC9}.Debug|Any CPU.Build.0 = Debug|Any CPU
		{29B5E516-7B2C-43C4-95FF-E94673CA5CC9}.Release|Any CPU.ActiveCfg = Release|Any CPU
		{29B5E516-7B2C-43C4-95FF-E94673CA5CC9}.Release|Any CPU.Build.0 = Release|Any CPU
		{896BD919-16F4-4472-8034-3E194B8836E0}.Debug|Any CPU.ActiveCfg = Debug|Any CPU
		{896BD919-16F4-4472-8034-3E194B8836E0}.Debug|Any CPU.Build.0 = Debug|Any CPU
		{896BD919-16F4-4472-8034-3E194B8836E0}.Release|Any CPU.ActiveCfg = Release|Any CPU
		{896BD919-16F4-4472-8034-3E194B8836E0}.Release|Any CPU.Build.0 = Release|Any CPU
		{F3F790A0-F6D2-40EC-A2F2-76B53A3484B3}.Debug|Any CPU.ActiveCfg = Debug|Any CPU
		{F3F790A0-F6D2-40EC-A2F2-76B53A3484B3}.Debug|Any CPU.Build.0 = Debug|Any CPU
		{F3F790A0-F6D2-40EC-A2F2-76B53A3484B3}.Release|Any CPU.ActiveCfg = Release|Any CPU
		{F3F790A0-F6D2-40EC-A2F2-76B53A3484B3}.Release|Any CPU.Build.0 = Release|Any CPU
		{D5706941-303A-43DB-91AE-B3DDF63F5617}.Debug|Any CPU.ActiveCfg = Debug|Any CPU
		{D5706941-303A-43DB-91AE-B3DDF63F5617}.Debug|Any CPU.Build.0 = Debug|Any CPU
		{D5706941-303A-43DB-91AE-B3DDF63F5617}.Release|Any CPU.ActiveCfg = Release|Any CPU
		{D5706941-303A-43DB-91AE-B3DDF63F5617}.Release|Any CPU.Build.0 = Release|Any CPU
	EndGlobalSection
	GlobalSection(SolutionProperties) = preSolution
		HideSolutionNode = FALSE
	EndGlobalSection
	GlobalSection(NestedProjects) = preSolution
		{2B602D6B-9895-4B18-9F26-0B58F50F7219} = {8D2232BC-8885-48A4-9A78-49932F89FBFC}
		{7D4C9966-084F-4F74-93BB-773609721D2C} = {8D2232BC-8885-48A4-9A78-49932F89FBFC}
		{030863E7-7AC4-45DA-ACE0-89FE3816043C} = {8D2232BC-8885-48A4-9A78-49932F89FBFC}
		{29B5E516-7B2C-43C4-95FF-E94673CA5CC9} = {8D2232BC-8885-48A4-9A78-49932F89FBFC}
		{896BD919-16F4-4472-8034-3E194B8836E0} = {405ED377-00D5-4FDE-BFAD-5E88C84369F1}
		{F3F790A0-F6D2-40EC-A2F2-76B53A3484B3} = {405ED377-00D5-4FDE-BFAD-5E88C84369F1}
		{D5706941-303A-43DB-91AE-B3DDF63F5617} = {8DA71C25-6907-4E6C-AE3A-401E9477D25E}
	EndGlobalSection
	GlobalSection(ExtensibilityGlobals) = postSolution
		SolutionGuid = {77B0F69C-6D14-4C1D-AA14-5C7C27823823}
	EndGlobalSection
EndGlobal
